// !$*UTF8*$!
{
	archiveVersion = 1;
	classes = {
	};
	objectVersion = 56;
	objects = {

/* Begin PBXBuildFile section */
		B037F73D2AE3B58500C72F63 /* AppDelegate.swift in Sources */ = {isa = PBXBuildFile; fileRef = B037F73C2AE3B58500C72F63 /* AppDelegate.swift */; };
		B037F73F2AE3B58500C72F63 /* SceneDelegate.swift in Sources */ = {isa = PBXBuildFile; fileRef = B037F73E2AE3B58500C72F63 /* SceneDelegate.swift */; };
		B037F7412AE3B58500C72F63 /* mainViewController.swift in Sources */ = {isa = PBXBuildFile; fileRef = B037F7402AE3B58500C72F63 /* mainViewController.swift */; };
		B037F7472AE3B58500C72F63 /* MukApp.xcdatamodeld in Sources */ = {isa = PBXBuildFile; fileRef = B037F7452AE3B58500C72F63 /* MukApp.xcdatamodeld */; };
		B037F7492AE3B58600C72F63 /* Assets.xcassets in Resources */ = {isa = PBXBuildFile; fileRef = B037F7482AE3B58600C72F63 /* Assets.xcassets */; };
		B037F74C2AE3B58600C72F63 /* LaunchScreen.storyboard in Resources */ = {isa = PBXBuildFile; fileRef = B037F74A2AE3B58600C72F63 /* LaunchScreen.storyboard */; };
		B037F7582AE3B87100C72F63 /* addViewController.swift in Sources */ = {isa = PBXBuildFile; fileRef = B037F7572AE3B87100C72F63 /* addViewController.swift */; };
		B037F75A2AE3B8EA00C72F63 /* updateViewController.swift in Sources */ = {isa = PBXBuildFile; fileRef = B037F7592AE3B8EA00C72F63 /* updateViewController.swift */; };
		B037F7642AE43C0300C72F63 /* CoreDataManager.swift in Sources */ = {isa = PBXBuildFile; fileRef = B037F7632AE43C0300C72F63 /* CoreDataManager.swift */; };
		B037F7782AE55E6500C72F63 /* TestViewController.swift in Sources */ = {isa = PBXBuildFile; fileRef = B037F7772AE55E6500C72F63 /* TestViewController.swift */; };
		B037F77A2AE55F4300C72F63 /* MenuViewModel.swift in Sources */ = {isa = PBXBuildFile; fileRef = B037F7792AE55F4300C72F63 /* MenuViewModel.swift */; };
		B037F77C2AE55F4E00C72F63 /* TestViewModel.swift in Sources */ = {isa = PBXBuildFile; fileRef = B037F77B2AE55F4E00C72F63 /* TestViewModel.swift */; };
		B037F7812AE564C200C72F63 /* MenuData+CoreDataClass.swift in Sources */ = {isa = PBXBuildFile; fileRef = B037F77D2AE564C200C72F63 /* MenuData+CoreDataClass.swift */; };
		B037F7822AE564C200C72F63 /* MenuData+CoreDataProperties.swift in Sources */ = {isa = PBXBuildFile; fileRef = B037F77E2AE564C200C72F63 /* MenuData+CoreDataProperties.swift */; };
		B037F7832AE564C200C72F63 /* CategoryData+CoreDataClass.swift in Sources */ = {isa = PBXBuildFile; fileRef = B037F77F2AE564C200C72F63 /* CategoryData+CoreDataClass.swift */; };
		B037F7842AE564C200C72F63 /* CategoryData+CoreDataProperties.swift in Sources */ = {isa = PBXBuildFile; fileRef = B037F7802AE564C200C72F63 /* CategoryData+CoreDataProperties.swift */; };
		B037F7862AE60A6800C72F63 /* testTableViewCell.swift in Sources */ = {isa = PBXBuildFile; fileRef = B037F7852AE60A6800C72F63 /* testTableViewCell.swift */; };
		B06E01652AEC04AA0065E7FF /* CategoryTableViewCell.swift in Sources */ = {isa = PBXBuildFile; fileRef = B06E01642AEC04AA0065E7FF /* CategoryTableViewCell.swift */; };
		B06E01672AEC259A0065E7FF /* APIService.swift in Sources */ = {isa = PBXBuildFile; fileRef = B06E01662AEC259A0065E7FF /* APIService.swift */; };
		B0A7B1142AEB53D300D33599 /* Memo.swift in Sources */ = {isa = PBXBuildFile; fileRef = B0A7B1132AEB53D300D33599 /* Memo.swift */; };
/* End PBXBuildFile section */

/* Begin PBXFileReference section */
		B037F7392AE3B58500C72F63 /* MukApp.app */ = {isa = PBXFileReference; explicitFileType = wrapper.application; includeInIndex = 0; path = MukApp.app; sourceTree = BUILT_PRODUCTS_DIR; };
		B037F73C2AE3B58500C72F63 /* AppDelegate.swift */ = {isa = PBXFileReference; lastKnownFileType = sourcecode.swift; path = AppDelegate.swift; sourceTree = "<group>"; };
		B037F73E2AE3B58500C72F63 /* SceneDelegate.swift */ = {isa = PBXFileReference; lastKnownFileType = sourcecode.swift; path = SceneDelegate.swift; sourceTree = "<group>"; };
		B037F7402AE3B58500C72F63 /* mainViewController.swift */ = {isa = PBXFileReference; lastKnownFileType = sourcecode.swift; path = mainViewController.swift; sourceTree = "<group>"; };
		B037F7462AE3B58500C72F63 /* MukApp.xcdatamodel */ = {isa = PBXFileReference; lastKnownFileType = wrapper.xcdatamodel; path = MukApp.xcdatamodel; sourceTree = "<group>"; };
		B037F7482AE3B58600C72F63 /* Assets.xcassets */ = {isa = PBXFileReference; lastKnownFileType = folder.assetcatalog; path = Assets.xcassets; sourceTree = "<group>"; };
		B037F74B2AE3B58600C72F63 /* Base */ = {isa = PBXFileReference; lastKnownFileType = file.storyboard; name = Base; path = Base.lproj/LaunchScreen.storyboard; sourceTree = "<group>"; };
		B037F74D2AE3B58600C72F63 /* Info.plist */ = {isa = PBXFileReference; lastKnownFileType = text.plist.xml; path = Info.plist; sourceTree = "<group>"; };
		B037F7572AE3B87100C72F63 /* addViewController.swift */ = {isa = PBXFileReference; lastKnownFileType = sourcecode.swift; path = addViewController.swift; sourceTree = "<group>"; };
		B037F7592AE3B8EA00C72F63 /* updateViewController.swift */ = {isa = PBXFileReference; lastKnownFileType = sourcecode.swift; path = updateViewController.swift; sourceTree = "<group>"; };
		B037F7632AE43C0300C72F63 /* CoreDataManager.swift */ = {isa = PBXFileReference; lastKnownFileType = sourcecode.swift; path = CoreDataManager.swift; sourceTree = "<group>"; };
		B037F7772AE55E6500C72F63 /* TestViewController.swift */ = {isa = PBXFileReference; lastKnownFileType = sourcecode.swift; path = TestViewController.swift; sourceTree = "<group>"; };
		B037F7792AE55F4300C72F63 /* MenuViewModel.swift */ = {isa = PBXFileReference; lastKnownFileType = sourcecode.swift; path = MenuViewModel.swift; sourceTree = "<group>"; };
		B037F77B2AE55F4E00C72F63 /* TestViewModel.swift */ = {isa = PBXFileReference; lastKnownFileType = sourcecode.swift; path = TestViewModel.swift; sourceTree = "<group>"; };
		B037F77D2AE564C200C72F63 /* MenuData+CoreDataClass.swift */ = {isa = PBXFileReference; lastKnownFileType = sourcecode.swift; path = "MenuData+CoreDataClass.swift"; sourceTree = "<group>"; };
		B037F77E2AE564C200C72F63 /* MenuData+CoreDataProperties.swift */ = {isa = PBXFileReference; lastKnownFileType = sourcecode.swift; path = "MenuData+CoreDataProperties.swift"; sourceTree = "<group>"; };
		B037F77F2AE564C200C72F63 /* CategoryData+CoreDataClass.swift */ = {isa = PBXFileReference; lastKnownFileType = sourcecode.swift; path = "CategoryData+CoreDataClass.swift"; sourceTree = "<group>"; };
		B037F7802AE564C200C72F63 /* CategoryData+CoreDataProperties.swift */ = {isa = PBXFileReference; lastKnownFileType = sourcecode.swift; path = "CategoryData+CoreDataProperties.swift"; sourceTree = "<group>"; };
		B037F7852AE60A6800C72F63 /* testTableViewCell.swift */ = {isa = PBXFileReference; lastKnownFileType = sourcecode.swift; path = testTableViewCell.swift; sourceTree = "<group>"; };
		B06E01642AEC04AA0065E7FF /* CategoryTableViewCell.swift */ = {isa = PBXFileReference; lastKnownFileType = sourcecode.swift; path = CategoryTableViewCell.swift; sourceTree = "<group>"; };
		B06E01662AEC259A0065E7FF /* APIService.swift */ = {isa = PBXFileReference; lastKnownFileType = sourcecode.swift; path = APIService.swift; sourceTree = "<group>"; };
		B0A7B1132AEB53D300D33599 /* Memo.swift */ = {isa = PBXFileReference; lastKnownFileType = sourcecode.swift; path = Memo.swift; sourceTree = "<group>"; };
/* End PBXFileReference section */

/* Begin PBXFrameworksBuildPhase section */
		B037F7362AE3B58500C72F63 /* Frameworks */ = {
			isa = PBXFrameworksBuildPhase;
			buildActionMask = 2147483647;
			files = (
			);
			runOnlyForDeploymentPostprocessing = 0;
		};
/* End PBXFrameworksBuildPhase section */

/* Begin PBXGroup section */
		B037F7302AE3B58500C72F63 = {
			isa = PBXGroup;
			children = (
				B037F73B2AE3B58500C72F63 /* MukApp */,
				B037F73A2AE3B58500C72F63 /* Products */,
			);
			sourceTree = "<group>";
		};
		B037F73A2AE3B58500C72F63 /* Products */ = {
			isa = PBXGroup;
			children = (
				B037F7392AE3B58500C72F63 /* MukApp.app */,
			);
			name = Products;
			sourceTree = "<group>";
		};
		B037F73B2AE3B58500C72F63 /* MukApp */ = {
			isa = PBXGroup;
			children = (
				B037F73C2AE3B58500C72F63 /* AppDelegate.swift */,
				B037F73E2AE3B58500C72F63 /* SceneDelegate.swift */,
				B037F7562AE3B5D400C72F63 /* APIService */,
				B037F7552AE3B5CE00C72F63 /* Models */,
				B037F7542AE3B5C700C72F63 /* ViewModels */,
				B037F7532AE3B5BE00C72F63 /* Views */,
				B037F7482AE3B58600C72F63 /* Assets.xcassets */,
				B037F74A2AE3B58600C72F63 /* LaunchScreen.storyboard */,
				B037F74D2AE3B58600C72F63 /* Info.plist */,
				B037F7452AE3B58500C72F63 /* MukApp.xcdatamodeld */,
			);
			path = MukApp;
			sourceTree = "<group>";
		};
		B037F7532AE3B5BE00C72F63 /* Views */ = {
			isa = PBXGroup;
			children = (
				B037F7402AE3B58500C72F63 /* mainViewController.swift */,
				B037F7572AE3B87100C72F63 /* addViewController.swift */,
				B06E01642AEC04AA0065E7FF /* CategoryTableViewCell.swift */,
				B037F7592AE3B8EA00C72F63 /* updateViewController.swift */,
				B037F7852AE60A6800C72F63 /* testTableViewCell.swift */,
				B037F7772AE55E6500C72F63 /* TestViewController.swift */,
			);
			path = Views;
			sourceTree = "<group>";
		};
		B037F7542AE3B5C700C72F63 /* ViewModels */ = {
			isa = PBXGroup;
			children = (
				B037F7792AE55F4300C72F63 /* MenuViewModel.swift */,
				B037F77B2AE55F4E00C72F63 /* TestViewModel.swift */,
			);
			path = ViewModels;
			sourceTree = "<group>";
		};
		B037F7552AE3B5CE00C72F63 /* Models */ = {
			isa = PBXGroup;
			children = (
				B037F77D2AE564C200C72F63 /* MenuData+CoreDataClass.swift */,
				B037F77E2AE564C200C72F63 /* MenuData+CoreDataProperties.swift */,
				B037F77F2AE564C200C72F63 /* CategoryData+CoreDataClass.swift */,
				B037F7802AE564C200C72F63 /* CategoryData+CoreDataProperties.swift */,
				B037F7632AE43C0300C72F63 /* CoreDataManager.swift */,
			);
			path = Models;
			sourceTree = "<group>";
		};
		B037F7562AE3B5D400C72F63 /* APIService */ = {
			isa = PBXGroup;
			children = (
				B0A7B1132AEB53D300D33599 /* Memo.swift */,
				B06E01662AEC259A0065E7FF /* APIService.swift */,
			);
			path = APIService;
			sourceTree = "<group>";
		};
/* End PBXGroup section */

/* Begin PBXNativeTarget section */
		B037F7382AE3B58500C72F63 /* MukApp */ = {
			isa = PBXNativeTarget;
			buildConfigurationList = B037F7502AE3B58600C72F63 /* Build configuration list for PBXNativeTarget "MukApp" */;
			buildPhases = (
				B037F7352AE3B58500C72F63 /* Sources */,
				B037F7362AE3B58500C72F63 /* Frameworks */,
				B037F7372AE3B58500C72F63 /* Resources */,
			);
			buildRules = (
			);
			dependencies = (
			);
			name = MukApp;
			productName = MukApp;
			productReference = B037F7392AE3B58500C72F63 /* MukApp.app */;
			productType = "com.apple.product-type.application";
		};
/* End PBXNativeTarget section */

/* Begin PBXProject section */
		B037F7312AE3B58500C72F63 /* Project object */ = {
			isa = PBXProject;
			attributes = {
				BuildIndependentTargetsInParallel = 1;
				LastSwiftUpdateCheck = 1500;
				LastUpgradeCheck = 1500;
				TargetAttributes = {
					B037F7382AE3B58500C72F63 = {
						CreatedOnToolsVersion = 15.0.1;
					};
				};
			};
			buildConfigurationList = B037F7342AE3B58500C72F63 /* Build configuration list for PBXProject "MukApp" */;
			compatibilityVersion = "Xcode 14.0";
			developmentRegion = en;
			hasScannedForEncodings = 0;
			knownRegions = (
				en,
				Base,
			);
			mainGroup = B037F7302AE3B58500C72F63;
			productRefGroup = B037F73A2AE3B58500C72F63 /* Products */;
			projectDirPath = "";
			projectRoot = "";
			targets = (
				B037F7382AE3B58500C72F63 /* MukApp */,
			);
		};
/* End PBXProject section */

/* Begin PBXResourcesBuildPhase section */
		B037F7372AE3B58500C72F63 /* Resources */ = {
			isa = PBXResourcesBuildPhase;
			buildActionMask = 2147483647;
			files = (
				B037F74C2AE3B58600C72F63 /* LaunchScreen.storyboard in Resources */,
				B037F7492AE3B58600C72F63 /* Assets.xcassets in Resources */,
			);
			runOnlyForDeploymentPostprocessing = 0;
		};
/* End PBXResourcesBuildPhase section */

/* Begin PBXSourcesBuildPhase section */
		B037F7352AE3B58500C72F63 /* Sources */ = {
			isa = PBXSourcesBuildPhase;
			buildActionMask = 2147483647;
			files = (
				B037F7812AE564C200C72F63 /* MenuData+CoreDataClass.swift in Sources */,
				B037F7412AE3B58500C72F63 /* mainViewController.swift in Sources */,
				B037F75A2AE3B8EA00C72F63 /* updateViewController.swift in Sources */,
				B0A7B1142AEB53D300D33599 /* Memo.swift in Sources */,
				B037F7832AE564C200C72F63 /* CategoryData+CoreDataClass.swift in Sources */,
				B037F7472AE3B58500C72F63 /* MukApp.xcdatamodeld in Sources */,
				B037F7842AE564C200C72F63 /* CategoryData+CoreDataProperties.swift in Sources */,
				B037F73D2AE3B58500C72F63 /* AppDelegate.swift in Sources */,
				B037F7862AE60A6800C72F63 /* testTableViewCell.swift in Sources */,
				B037F7642AE43C0300C72F63 /* CoreDataManager.swift in Sources */,
				B037F7822AE564C200C72F63 /* MenuData+CoreDataProperties.swift in Sources */,
				B037F7582AE3B87100C72F63 /* addViewController.swift in Sources */,
				B037F77A2AE55F4300C72F63 /* MenuViewModel.swift in Sources */,
				B037F7782AE55E6500C72F63 /* TestViewController.swift in Sources */,
				B037F77C2AE55F4E00C72F63 /* TestViewModel.swift in Sources */,
				B037F73F2AE3B58500C72F63 /* SceneDelegate.swift in Sources */,
				B06E01672AEC259A0065E7FF /* APIService.swift in Sources */,
				B06E01652AEC04AA0065E7FF /* CategoryTableViewCell.swift in Sources */,
			);
			runOnlyForDeploymentPostprocessing = 0;
		};
/* End PBXSourcesBuildPhase section */

/* Begin PBXVariantGroup section */
		B037F74A2AE3B58600C72F63 /* LaunchScreen.storyboard */ = {
			isa = PBXVariantGroup;
			children = (
				B037F74B2AE3B58600C72F63 /* Base */,
			);
			name = LaunchScreen.storyboard;
			sourceTree = "<group>";
		};
/* End PBXVariantGroup section */

/* Begin XCBuildConfiguration section */
		B037F74E2AE3B58600C72F63 /* Debug */ = {
			isa = XCBuildConfiguration;
			buildSettings = {
				ALWAYS_SEARCH_USER_PATHS = NO;
				ASSETCATALOG_COMPILER_GENERATE_SWIFT_ASSET_SYMBOL_EXTENSIONS = YES;
				CLANG_ANALYZER_NONNULL = YES;
				CLANG_ANALYZER_NUMBER_OBJECT_CONVERSION = YES_AGGRESSIVE;
				CLANG_CXX_LANGUAGE_STANDARD = "gnu++20";
				CLANG_ENABLE_MODULES = YES;
				CLANG_ENABLE_OBJC_ARC = YES;
				CLANG_ENABLE_OBJC_WEAK = YES;
				CLANG_WARN_BLOCK_CAPTURE_AUTORELEASING = YES;
				CLANG_WARN_BOOL_CONVERSION = YES;
				CLANG_WARN_COMMA = YES;
				CLANG_WARN_CONSTANT_CONVERSION = YES;
				CLANG_WARN_DEPRECATED_OBJC_IMPLEMENTATIONS = YES;
				CLANG_WARN_DIRECT_OBJC_ISA_USAGE = YES_ERROR;
				CLANG_WARN_DOCUMENTATION_COMMENTS = YES;
				CLANG_WARN_EMPTY_BODY = YES;
				CLANG_WARN_ENUM_CONVERSION = YES;
				CLANG_WARN_INFINITE_RECURSION = YES;
				CLANG_WARN_INT_CONVERSION = YES;
				CLANG_WARN_NON_LITERAL_NULL_CONVERSION = YES;
				CLANG_WARN_OBJC_IMPLICIT_RETAIN_SELF = YES;
				CLANG_WARN_OBJC_LITERAL_CONVERSION = YES;
				CLANG_WARN_OBJC_ROOT_CLASS = YES_ERROR;
				CLANG_WARN_QUOTED_INCLUDE_IN_FRAMEWORK_HEADER = YES;
				CLANG_WARN_RANGE_LOOP_ANALYSIS = YES;
				CLANG_WARN_STRICT_PROTOTYPES = YES;
				CLANG_WARN_SUSPICIOUS_MOVE = YES;
				CLANG_WARN_UNGUARDED_AVAILABILITY = YES_AGGRESSIVE;
				CLANG_WARN_UNREACHABLE_CODE = YES;
				CLANG_WARN__DUPLICATE_METHOD_MATCH = YES;
				COPY_PHASE_STRIP = NO;
				DEBUG_INFORMATION_FORMAT = dwarf;
				ENABLE_STRICT_OBJC_MSGSEND = YES;
				ENABLE_TESTABILITY = YES;
				ENABLE_USER_SCRIPT_SANDBOXING = YES;
				GCC_C_LANGUAGE_STANDARD = gnu17;
				GCC_DYNAMIC_NO_PIC = NO;
				GCC_NO_COMMON_BLOCKS = YES;
				GCC_OPTIMIZATION_LEVEL = 0;
				GCC_PREPROCESSOR_DEFINITIONS = (
					"DEBUG=1",
					"$(inherited)",
				);
				GCC_WARN_64_TO_32_BIT_CONVERSION = YES;
				GCC_WARN_ABOUT_RETURN_TYPE = YES_ERROR;
				GCC_WARN_UNDECLARED_SELECTOR = YES;
				GCC_WARN_UNINITIALIZED_AUTOS = YES_AGGRESSIVE;
				GCC_WARN_UNUSED_FUNCTION = YES;
				GCC_WARN_UNUSED_VARIABLE = YES;
				IPHONEOS_DEPLOYMENT_TARGET = 17.0;
				LOCALIZATION_PREFERS_STRING_CATALOGS = YES;
				MTL_ENABLE_DEBUG_INFO = INCLUDE_SOURCE;
				MTL_FAST_MATH = YES;
				ONLY_ACTIVE_ARCH = YES;
				SDKROOT = iphoneos;
				SWIFT_ACTIVE_COMPILATION_CONDITIONS = "DEBUG $(inherited)";
				SWIFT_OPTIMIZATION_LEVEL = "-Onone";
			};
			name = Debug;
		};
		B037F74F2AE3B58600C72F63 /* Release */ = {
			isa = XCBuildConfiguration;
			buildSettings = {
				ALWAYS_SEARCH_USER_PATHS = NO;
				ASSETCATALOG_COMPILER_GENERATE_SWIFT_ASSET_SYMBOL_EXTENSIONS = YES;
				CLANG_ANALYZER_NONNULL = YES;
				CLANG_ANALYZER_NUMBER_OBJECT_CONVERSION = YES_AGGRESSIVE;
				CLANG_CXX_LANGUAGE_STANDARD = "gnu++20";
				CLANG_ENABLE_MODULES = YES;
				CLANG_ENABLE_OBJC_ARC = YES;
				CLANG_ENABLE_OBJC_WEAK = YES;
				CLANG_WARN_BLOCK_CAPTURE_AUTORELEASING = YES;
				CLANG_WARN_BOOL_CONVERSION = YES;
				CLANG_WARN_COMMA = YES;
				CLANG_WARN_CONSTANT_CONVERSION = YES;
				CLANG_WARN_DEPRECATED_OBJC_IMPLEMENTATIONS = YES;
				CLANG_WARN_DIRECT_OBJC_ISA_USAGE = YES_ERROR;
				CLANG_WARN_DOCUMENTATION_COMMENTS = YES;
				CLANG_WARN_EMPTY_BODY = YES;
				CLANG_WARN_ENUM_CONVERSION = YES;
				CLANG_WARN_INFINITE_RECURSION = YES;
				CLANG_WARN_INT_CONVERSION = YES;
				CLANG_WARN_NON_LITERAL_NULL_CONVERSION = YES;
				CLANG_WARN_OBJC_IMPLICIT_RETAIN_SELF = YES;
				CLANG_WARN_OBJC_LITERAL_CONVERSION = YES;
				CLANG_WARN_OBJC_ROOT_CLASS = YES_ERROR;
				CLANG_WARN_QUOTED_INCLUDE_IN_FRAMEWORK_HEADER = YES;
				CLANG_WARN_RANGE_LOOP_ANALYSIS = YES;
				CLANG_WARN_STRICT_PROTOTYPES = YES;
				CLANG_WARN_SUSPICIOUS_MOVE = YES;
				CLANG_WARN_UNGUARDED_AVAILABILITY = YES_AGGRESSIVE;
				CLANG_WARN_UNREACHABLE_CODE = YES;
				CLANG_WARN__DUPLICATE_METHOD_MATCH = YES;
				COPY_PHASE_STRIP = NO;
				DEBUG_INFORMATION_FORMAT = "dwarf-with-dsym";
				ENABLE_NS_ASSERTIONS = NO;
				ENABLE_STRICT_OBJC_MSGSEND = YES;
				ENABLE_USER_SCRIPT_SANDBOXING = YES;
				GCC_C_LANGUAGE_STANDARD = gnu17;
				GCC_NO_COMMON_BLOCKS = YES;
				GCC_WARN_64_TO_32_BIT_CONVERSION = YES;
				GCC_WARN_ABOUT_RETURN_TYPE = YES_ERROR;
				GCC_WARN_UNDECLARED_SELECTOR = YES;
				GCC_WARN_UNINITIALIZED_AUTOS = YES_AGGRESSIVE;
				GCC_WARN_UNUSED_FUNCTION = YES;
				GCC_WARN_UNUSED_VARIABLE = YES;
				IPHONEOS_DEPLOYMENT_TARGET = 17.0;
				LOCALIZATION_PREFERS_STRING_CATALOGS = YES;
				MTL_ENABLE_DEBUG_INFO = NO;
				MTL_FAST_MATH = YES;
				SDKROOT = iphoneos;
				SWIFT_COMPILATION_MODE = wholemodule;
				VALIDATE_PRODUCT = YES;
			};
			name = Release;
		};
		B037F7512AE3B58600C72F63 /* Debug */ = {
			isa = XCBuildConfiguration;
			buildSettings = {
				ASSETCATALOG_COMPILER_APPICON_NAME = AppIcon;
				ASSETCATALOG_COMPILER_GLOBAL_ACCENT_COLOR_NAME = AccentColor;
				CODE_SIGN_STYLE = Automatic;
				CURRENT_PROJECT_VERSION = 1;
				GENERATE_INFOPLIST_FILE = YES;
				INFOPLIST_FILE = MukApp/Info.plist;
				INFOPLIST_KEY_UIApplicationSupportsIndirectInputEvents = YES;
				INFOPLIST_KEY_UILaunchStoryboardName = LaunchScreen;
				INFOPLIST_KEY_UISupportedInterfaceOrientations = UIInterfaceOrientationPortrait;
				INFOPLIST_KEY_UISupportedInterfaceOrientations_iPad = "UIInterfaceOrientationLandscapeLeft UIInterfaceOrientationLandscapeRight UIInterfaceOrientationPortrait";
				LD_RUNPATH_SEARCH_PATHS = (
					"$(inherited)",
					"@executable_path/Frameworks",
				);
				MARKETING_VERSION = 1.0;
				PRODUCT_BUNDLE_IDENTIFIER = com.HoduCode.MukApp;
				PRODUCT_NAME = "$(TARGET_NAME)";
				SUPPORTED_PLATFORMS = "iphoneos iphonesimulator";
				SUPPORTS_MACCATALYST = NO;
				SUPPORTS_MAC_DESIGNED_FOR_IPHONE_IPAD = NO;
				SWIFT_EMIT_LOC_STRINGS = YES;
				SWIFT_VERSION = 5.0;
				TARGETED_DEVICE_FAMILY = 1;
			};
			name = Debug;
		};
		B037F7522AE3B58600C72F63 /* Release */ = {
			isa = XCBuildConfiguration;
			buildSettings = {
				ASSETCATALOG_COMPILER_APPICON_NAME = AppIcon;
				ASSETCATALOG_COMPILER_GLOBAL_ACCENT_COLOR_NAME = AccentColor;
				CODE_SIGN_STYLE = Automatic;
				CURRENT_PROJECT_VERSION = 1;
				GENERATE_INFOPLIST_FILE = YES;
				INFOPLIST_FILE = MukApp/Info.plist;
				INFOPLIST_KEY_UIApplicationSupportsIndirectInputEvents = YES;
				INFOPLIST_KEY_UILaunchStoryboardName = LaunchScreen;
				INFOPLIST_KEY_UISupportedInterfaceOrientations = UIInterfaceOrientationPortrait;
				INFOPLIST_KEY_UISupportedInterfaceOrientations_iPad = "UIInterfaceOrientationLandscapeLeft UIInterfaceOrientationLandscapeRight UIInterfaceOrientationPortrait";
				LD_RUNPATH_SEARCH_PATHS = (
					"$(inherited)",
					"@executable_path/Frameworks",
				);
				MARKETING_VERSION = 1.0;
				PRODUCT_BUNDLE_IDENTIFIER = com.HoduCode.MukApp;
				PRODUCT_NAME = "$(TARGET_NAME)";
				SUPPORTED_PLATFORMS = "iphoneos iphonesimulator";
				SUPPORTS_MACCATALYST = NO;
				SUPPORTS_MAC_DESIGNED_FOR_IPHONE_IPAD = NO;
				SWIFT_EMIT_LOC_STRINGS = YES;
				SWIFT_VERSION = 5.0;
				TARGETED_DEVICE_FAMILY = 1;
			};
			name = Release;
		};
/* End XCBuildConfiguration section */

/* Begin XCConfigurationList section */
		B037F7342AE3B58500C72F63 /* Build configuration list for PBXProject "MukApp" */ = {
			isa = XCConfigurationList;
			buildConfigurations = (
				B037F74E2AE3B58600C72F63 /* Debug */,
				B037F74F2AE3B58600C72F63 /* Release */,
			);
			defaultConfigurationIsVisible = 0;
			defaultConfigurationName = Release;
		};
		B037F7502AE3B58600C72F63 /* Build configuration list for PBXNativeTarget "MukApp" */ = {
			isa = XCConfigurationList;
			buildConfigurations = (
				B037F7512AE3B58600C72F63 /* Debug */,
				B037F7522AE3B58600C72F63 /* Release */,
			);
			defaultConfigurationIsVisible = 0;
			defaultConfigurationName = Release;
		};
/* End XCConfigurationList section */

/* Begin XCVersionGroup section */
		B037F7452AE3B58500C72F63 /* MukApp.xcdatamodeld */ = {
			isa = XCVersionGroup;
			children = (
				B037F7462AE3B58500C72F63 /* MukApp.xcdatamodel */,
			);
			currentVersion = B037F7462AE3B58500C72F63 /* MukApp.xcdatamodel */;
			path = MukApp.xcdatamodeld;
			sourceTree = "<group>";
			versionGroupType = wrapper.xcdatamodel;
		};
/* End XCVersionGroup section */
	};
	rootObject = B037F7312AE3B58500C72F63 /* Project object */;
}
