// !$*UTF8*$!
{
	archiveVersion = 1;
	classes = {
	};
	objectVersion = 56;
	objects = {

/* Begin PBXBuildFile section */
		077EFDFB116BBD23DAE83801 /* Pods_MukApp.framework in Frameworks */ = {isa = PBXBuildFile; fileRef = 7151ED8FBF918F2626EF22B3 /* Pods_MukApp.framework */; };
		B00080682AED22A7003C55EE /* ResCollectionViewCell.swift in Sources */ = {isa = PBXBuildFile; fileRef = B00080672AED22A7003C55EE /* ResCollectionViewCell.swift */; };
		B037F73D2AE3B58500C72F63 /* AppDelegate.swift in Sources */ = {isa = PBXBuildFile; fileRef = B037F73C2AE3B58500C72F63 /* AppDelegate.swift */; };
		B037F73F2AE3B58500C72F63 /* SceneDelegate.swift in Sources */ = {isa = PBXBuildFile; fileRef = B037F73E2AE3B58500C72F63 /* SceneDelegate.swift */; };
		B037F7412AE3B58500C72F63 /* SearchViewController.swift in Sources */ = {isa = PBXBuildFile; fileRef = B037F7402AE3B58500C72F63 /* SearchViewController.swift */; };
		B037F7472AE3B58500C72F63 /* MukApp.xcdatamodeld in Sources */ = {isa = PBXBuildFile; fileRef = B037F7452AE3B58500C72F63 /* MukApp.xcdatamodeld */; };
		B037F7492AE3B58600C72F63 /* Assets.xcassets in Resources */ = {isa = PBXBuildFile; fileRef = B037F7482AE3B58600C72F63 /* Assets.xcassets */; };
		B037F74C2AE3B58600C72F63 /* LaunchScreen.storyboard in Resources */ = {isa = PBXBuildFile; fileRef = B037F74A2AE3B58600C72F63 /* LaunchScreen.storyboard */; };
		B037F7582AE3B87100C72F63 /* MainViewController.swift in Sources */ = {isa = PBXBuildFile; fileRef = B037F7572AE3B87100C72F63 /* MainViewController.swift */; };
		B037F75A2AE3B8EA00C72F63 /* ResViewController.swift in Sources */ = {isa = PBXBuildFile; fileRef = B037F7592AE3B8EA00C72F63 /* ResViewController.swift */; };
		B037F7642AE43C0300C72F63 /* CoreDataManager.swift in Sources */ = {isa = PBXBuildFile; fileRef = B037F7632AE43C0300C72F63 /* CoreDataManager.swift */; };
		B037F7782AE55E6500C72F63 /* AddResViewController.swift in Sources */ = {isa = PBXBuildFile; fileRef = B037F7772AE55E6500C72F63 /* AddResViewController.swift */; };
		B03AA67C2B01F6040048E47C /* CategoryData+CoreDataClass.swift in Sources */ = {isa = PBXBuildFile; fileRef = B03AA6782B01F6040048E47C /* CategoryData+CoreDataClass.swift */; };
		B03AA67D2B01F6040048E47C /* CategoryData+CoreDataProperties.swift in Sources */ = {isa = PBXBuildFile; fileRef = B03AA6792B01F6040048E47C /* CategoryData+CoreDataProperties.swift */; };
		B03AA67E2B01F6040048E47C /* RestaurantData+CoreDataClass.swift in Sources */ = {isa = PBXBuildFile; fileRef = B03AA67A2B01F6040048E47C /* RestaurantData+CoreDataClass.swift */; };
		B03AA67F2B01F6040048E47C /* RestaurantData+CoreDataProperties.swift in Sources */ = {isa = PBXBuildFile; fileRef = B03AA67B2B01F6040048E47C /* RestaurantData+CoreDataProperties.swift */; };
		B04EB0E62B00756E006AD277 /* CategoryModel.swift in Sources */ = {isa = PBXBuildFile; fileRef = B04EB0E52B00756E006AD277 /* CategoryModel.swift */; };
		B064C3402AFBDCCB00B33189 /* CategorySetCollectionViewCell.swift in Sources */ = {isa = PBXBuildFile; fileRef = B064C33F2AFBDCCB00B33189 /* CategorySetCollectionViewCell.swift */; };
		B06E01652AEC04AA0065E7FF /* MainViewControllerTableViewCell.swift in Sources */ = {isa = PBXBuildFile; fileRef = B06E01642AEC04AA0065E7FF /* MainViewControllerTableViewCell.swift */; };
		B06E01672AEC259A0065E7FF /* APIService.swift in Sources */ = {isa = PBXBuildFile; fileRef = B06E01662AEC259A0065E7FF /* APIService.swift */; };
		B074977F2AF6112D00D66CB1 /* MainViewModel.swift in Sources */ = {isa = PBXBuildFile; fileRef = B074977E2AF6112D00D66CB1 /* MainViewModel.swift */; };
		B09E9D0E2B03964700896622 /* EditResViewController.swift in Sources */ = {isa = PBXBuildFile; fileRef = B09E9D0D2B03964700896622 /* EditResViewController.swift */; };
		B09E9D102B0396AE00896622 /* EditResTableViewCell.swift in Sources */ = {isa = PBXBuildFile; fileRef = B09E9D0F2B0396AE00896622 /* EditResTableViewCell.swift */; };
		B0A320842AF78D2300E74138 /* AddResTableViewCell.swift in Sources */ = {isa = PBXBuildFile; fileRef = B0A320832AF78D2300E74138 /* AddResTableViewCell.swift */; };
		B0A6BE622B05D144007779CF /* UIColor+Extension.swift in Sources */ = {isa = PBXBuildFile; fileRef = B0A6BE612B05D144007779CF /* UIColor+Extension.swift */; };
		B0A6BE652B05D247007779CF /* MyColor.swift in Sources */ = {isa = PBXBuildFile; fileRef = B0A6BE642B05D247007779CF /* MyColor.swift */; };
		B0A6BE672B05D483007779CF /* Constants.swift in Sources */ = {isa = PBXBuildFile; fileRef = B0A6BE662B05D483007779CF /* Constants.swift */; };
		B0A7B1142AEB53D300D33599 /* Memo.swift in Sources */ = {isa = PBXBuildFile; fileRef = B0A7B1132AEB53D300D33599 /* Memo.swift */; };
		B0D5FE242AEFA6A300D4B751 /* ResultViewController.swift in Sources */ = {isa = PBXBuildFile; fileRef = B0D5FE232AEFA6A300D4B751 /* ResultViewController.swift */; };
		B0D5FE262AF4966300D4B751 /* SearchTableViewCell.swift in Sources */ = {isa = PBXBuildFile; fileRef = B0D5FE252AF4966300D4B751 /* SearchTableViewCell.swift */; };
		B0D871062AFA846E00758187 /* CategorySetViewController.swift in Sources */ = {isa = PBXBuildFile; fileRef = B0D871052AFA846E00758187 /* CategorySetViewController.swift */; };
		B0ED529E2B049DAF00F74816 /* RouletteViewController.swift in Sources */ = {isa = PBXBuildFile; fileRef = B0ED529D2B049DAF00F74816 /* RouletteViewController.swift */; };
/* End PBXBuildFile section */

/* Begin PBXFileReference section */
		7151ED8FBF918F2626EF22B3 /* Pods_MukApp.framework */ = {isa = PBXFileReference; explicitFileType = wrapper.framework; includeInIndex = 0; path = Pods_MukApp.framework; sourceTree = BUILT_PRODUCTS_DIR; };
		B00080672AED22A7003C55EE /* ResCollectionViewCell.swift */ = {isa = PBXFileReference; lastKnownFileType = sourcecode.swift; path = ResCollectionViewCell.swift; sourceTree = "<group>"; };
		B037F7392AE3B58500C72F63 /* MukApp.app */ = {isa = PBXFileReference; explicitFileType = wrapper.application; includeInIndex = 0; path = MukApp.app; sourceTree = BUILT_PRODUCTS_DIR; };
		B037F73C2AE3B58500C72F63 /* AppDelegate.swift */ = {isa = PBXFileReference; lastKnownFileType = sourcecode.swift; path = AppDelegate.swift; sourceTree = "<group>"; };
		B037F73E2AE3B58500C72F63 /* SceneDelegate.swift */ = {isa = PBXFileReference; lastKnownFileType = sourcecode.swift; path = SceneDelegate.swift; sourceTree = "<group>"; };
		B037F7402AE3B58500C72F63 /* SearchViewController.swift */ = {isa = PBXFileReference; lastKnownFileType = sourcecode.swift; path = SearchViewController.swift; sourceTree = "<group>"; };
		B037F7462AE3B58500C72F63 /* MukApp.xcdatamodel */ = {isa = PBXFileReference; lastKnownFileType = wrapper.xcdatamodel; path = MukApp.xcdatamodel; sourceTree = "<group>"; };
		B037F7482AE3B58600C72F63 /* Assets.xcassets */ = {isa = PBXFileReference; lastKnownFileType = folder.assetcatalog; path = Assets.xcassets; sourceTree = "<group>"; };
		B037F74B2AE3B58600C72F63 /* Base */ = {isa = PBXFileReference; lastKnownFileType = file.storyboard; name = Base; path = Base.lproj/LaunchScreen.storyboard; sourceTree = "<group>"; };
		B037F74D2AE3B58600C72F63 /* Info.plist */ = {isa = PBXFileReference; lastKnownFileType = text.plist.xml; path = Info.plist; sourceTree = "<group>"; };
		B037F7572AE3B87100C72F63 /* MainViewController.swift */ = {isa = PBXFileReference; lastKnownFileType = sourcecode.swift; path = MainViewController.swift; sourceTree = "<group>"; };
		B037F7592AE3B8EA00C72F63 /* ResViewController.swift */ = {isa = PBXFileReference; lastKnownFileType = sourcecode.swift; path = ResViewController.swift; sourceTree = "<group>"; };
		B037F7632AE43C0300C72F63 /* CoreDataManager.swift */ = {isa = PBXFileReference; lastKnownFileType = sourcecode.swift; path = CoreDataManager.swift; sourceTree = "<group>"; };
		B037F7772AE55E6500C72F63 /* AddResViewController.swift */ = {isa = PBXFileReference; lastKnownFileType = sourcecode.swift; path = AddResViewController.swift; sourceTree = "<group>"; };
		B03AA6782B01F6040048E47C /* CategoryData+CoreDataClass.swift */ = {isa = PBXFileReference; lastKnownFileType = sourcecode.swift; path = "CategoryData+CoreDataClass.swift"; sourceTree = "<group>"; };
		B03AA6792B01F6040048E47C /* CategoryData+CoreDataProperties.swift */ = {isa = PBXFileReference; lastKnownFileType = sourcecode.swift; path = "CategoryData+CoreDataProperties.swift"; sourceTree = "<group>"; };
		B03AA67A2B01F6040048E47C /* RestaurantData+CoreDataClass.swift */ = {isa = PBXFileReference; lastKnownFileType = sourcecode.swift; path = "RestaurantData+CoreDataClass.swift"; sourceTree = "<group>"; };
		B03AA67B2B01F6040048E47C /* RestaurantData+CoreDataProperties.swift */ = {isa = PBXFileReference; lastKnownFileType = sourcecode.swift; path = "RestaurantData+CoreDataProperties.swift"; sourceTree = "<group>"; };
		B04EB0E52B00756E006AD277 /* CategoryModel.swift */ = {isa = PBXFileReference; lastKnownFileType = sourcecode.swift; path = CategoryModel.swift; sourceTree = "<group>"; };
		B064C33F2AFBDCCB00B33189 /* CategorySetCollectionViewCell.swift */ = {isa = PBXFileReference; lastKnownFileType = sourcecode.swift; path = CategorySetCollectionViewCell.swift; sourceTree = "<group>"; };
		B06E01642AEC04AA0065E7FF /* MainViewControllerTableViewCell.swift */ = {isa = PBXFileReference; lastKnownFileType = sourcecode.swift; path = MainViewControllerTableViewCell.swift; sourceTree = "<group>"; };
		B06E01662AEC259A0065E7FF /* APIService.swift */ = {isa = PBXFileReference; lastKnownFileType = sourcecode.swift; path = APIService.swift; sourceTree = "<group>"; };
		B074977E2AF6112D00D66CB1 /* MainViewModel.swift */ = {isa = PBXFileReference; lastKnownFileType = sourcecode.swift; path = MainViewModel.swift; sourceTree = "<group>"; };
		B09E9D0D2B03964700896622 /* EditResViewController.swift */ = {isa = PBXFileReference; lastKnownFileType = sourcecode.swift; path = EditResViewController.swift; sourceTree = "<group>"; };
		B09E9D0F2B0396AE00896622 /* EditResTableViewCell.swift */ = {isa = PBXFileReference; lastKnownFileType = sourcecode.swift; path = EditResTableViewCell.swift; sourceTree = "<group>"; };
		B0A320832AF78D2300E74138 /* AddResTableViewCell.swift */ = {isa = PBXFileReference; lastKnownFileType = sourcecode.swift; path = AddResTableViewCell.swift; sourceTree = "<group>"; };
		B0A6BE612B05D144007779CF /* UIColor+Extension.swift */ = {isa = PBXFileReference; lastKnownFileType = sourcecode.swift; path = "UIColor+Extension.swift"; sourceTree = "<group>"; };
		B0A6BE642B05D247007779CF /* MyColor.swift */ = {isa = PBXFileReference; lastKnownFileType = sourcecode.swift; path = MyColor.swift; sourceTree = "<group>"; };
		B0A6BE662B05D483007779CF /* Constants.swift */ = {isa = PBXFileReference; lastKnownFileType = sourcecode.swift; path = Constants.swift; sourceTree = "<group>"; };
		B0A7B1132AEB53D300D33599 /* Memo.swift */ = {isa = PBXFileReference; lastKnownFileType = sourcecode.swift; path = Memo.swift; sourceTree = "<group>"; };
		B0D5FE232AEFA6A300D4B751 /* ResultViewController.swift */ = {isa = PBXFileReference; lastKnownFileType = sourcecode.swift; path = ResultViewController.swift; sourceTree = "<group>"; };
		B0D5FE252AF4966300D4B751 /* SearchTableViewCell.swift */ = {isa = PBXFileReference; lastKnownFileType = sourcecode.swift; path = SearchTableViewCell.swift; sourceTree = "<group>"; };
		B0D871052AFA846E00758187 /* CategorySetViewController.swift */ = {isa = PBXFileReference; lastKnownFileType = sourcecode.swift; path = CategorySetViewController.swift; sourceTree = "<group>"; };
		B0ED529D2B049DAF00F74816 /* RouletteViewController.swift */ = {isa = PBXFileReference; lastKnownFileType = sourcecode.swift; path = RouletteViewController.swift; sourceTree = "<group>"; };
		D917FFD08D77FF828C384EE0 /* Pods-MukApp.release.xcconfig */ = {isa = PBXFileReference; includeInIndex = 1; lastKnownFileType = text.xcconfig; name = "Pods-MukApp.release.xcconfig"; path = "Target Support Files/Pods-MukApp/Pods-MukApp.release.xcconfig"; sourceTree = "<group>"; };
		F8943A63B7E8CA3C6CB82F9D /* Pods-MukApp.debug.xcconfig */ = {isa = PBXFileReference; includeInIndex = 1; lastKnownFileType = text.xcconfig; name = "Pods-MukApp.debug.xcconfig"; path = "Target Support Files/Pods-MukApp/Pods-MukApp.debug.xcconfig"; sourceTree = "<group>"; };
/* End PBXFileReference section */

/* Begin PBXFrameworksBuildPhase section */
		B037F7362AE3B58500C72F63 /* Frameworks */ = {
			isa = PBXFrameworksBuildPhase;
			buildActionMask = 2147483647;
			files = (
				077EFDFB116BBD23DAE83801 /* Pods_MukApp.framework in Frameworks */,
			);
			runOnlyForDeploymentPostprocessing = 0;
		};
/* End PBXFrameworksBuildPhase section */

/* Begin PBXGroup section */
		456DCC7C708892FD10E6DB8F /* Pods */ = {
			isa = PBXGroup;
			children = (
				F8943A63B7E8CA3C6CB82F9D /* Pods-MukApp.debug.xcconfig */,
				D917FFD08D77FF828C384EE0 /* Pods-MukApp.release.xcconfig */,
			);
			path = Pods;
			sourceTree = "<group>";
		};
		4FEADB50666C429FE50738CE /* Frameworks */ = {
			isa = PBXGroup;
			children = (
				7151ED8FBF918F2626EF22B3 /* Pods_MukApp.framework */,
			);
			name = Frameworks;
			sourceTree = "<group>";
		};
		B037F7302AE3B58500C72F63 = {
			isa = PBXGroup;
			children = (
				B037F73B2AE3B58500C72F63 /* MukApp */,
				B037F73A2AE3B58500C72F63 /* Products */,
				456DCC7C708892FD10E6DB8F /* Pods */,
				4FEADB50666C429FE50738CE /* Frameworks */,
			);
			sourceTree = "<group>";
		};
		B037F73A2AE3B58500C72F63 /* Products */ = {
			isa = PBXGroup;
			children = (
				B037F7392AE3B58500C72F63 /* MukApp.app */,
			);
			name = Products;
			sourceTree = "<group>";
		};
		B037F73B2AE3B58500C72F63 /* MukApp */ = {
			isa = PBXGroup;
			children = (
				B037F73C2AE3B58500C72F63 /* AppDelegate.swift */,
				B037F73E2AE3B58500C72F63 /* SceneDelegate.swift */,
				B0A6BE602B05D115007779CF /* Helper */,
				B037F7562AE3B5D400C72F63 /* APIService */,
				B037F7552AE3B5CE00C72F63 /* Models */,
				B037F7542AE3B5C700C72F63 /* ViewModels */,
				B037F7532AE3B5BE00C72F63 /* Views */,
				B037F7482AE3B58600C72F63 /* Assets.xcassets */,
				B037F74A2AE3B58600C72F63 /* LaunchScreen.storyboard */,
				B037F74D2AE3B58600C72F63 /* Info.plist */,
				B037F7452AE3B58500C72F63 /* MukApp.xcdatamodeld */,
			);
			path = MukApp;
			sourceTree = "<group>";
		};
		B037F7532AE3B5BE00C72F63 /* Views */ = {
			isa = PBXGroup;
			children = (
				B037F7572AE3B87100C72F63 /* MainViewController.swift */,
				B06E01642AEC04AA0065E7FF /* MainViewControllerTableViewCell.swift */,
				B0ED529D2B049DAF00F74816 /* RouletteViewController.swift */,
				B0D5FE232AEFA6A300D4B751 /* ResultViewController.swift */,
				B037F7592AE3B8EA00C72F63 /* ResViewController.swift */,
				B00080672AED22A7003C55EE /* ResCollectionViewCell.swift */,
				B09E9D0D2B03964700896622 /* EditResViewController.swift */,
				B09E9D0F2B0396AE00896622 /* EditResTableViewCell.swift */,
				B037F7402AE3B58500C72F63 /* SearchViewController.swift */,
				B0D5FE252AF4966300D4B751 /* SearchTableViewCell.swift */,
				B037F7772AE55E6500C72F63 /* AddResViewController.swift */,
				B0A320832AF78D2300E74138 /* AddResTableViewCell.swift */,
				B0D871052AFA846E00758187 /* CategorySetViewController.swift */,
				B064C33F2AFBDCCB00B33189 /* CategorySetCollectionViewCell.swift */,
			);
			path = Views;
			sourceTree = "<group>";
		};
		B037F7542AE3B5C700C72F63 /* ViewModels */ = {
			isa = PBXGroup;
			children = (
				B074977E2AF6112D00D66CB1 /* MainViewModel.swift */,
				B04EB0E52B00756E006AD277 /* CategoryModel.swift */,
			);
			path = ViewModels;
			sourceTree = "<group>";
		};
		B037F7552AE3B5CE00C72F63 /* Models */ = {
			isa = PBXGroup;
			children = (
				B03AA6782B01F6040048E47C /* CategoryData+CoreDataClass.swift */,
				B03AA6792B01F6040048E47C /* CategoryData+CoreDataProperties.swift */,
				B03AA67A2B01F6040048E47C /* RestaurantData+CoreDataClass.swift */,
				B03AA67B2B01F6040048E47C /* RestaurantData+CoreDataProperties.swift */,
				B037F7632AE43C0300C72F63 /* CoreDataManager.swift */,
			);
			path = Models;
			sourceTree = "<group>";
		};
		B037F7562AE3B5D400C72F63 /* APIService */ = {
			isa = PBXGroup;
			children = (
				B06E01662AEC259A0065E7FF /* APIService.swift */,
			);
			path = APIService;
			sourceTree = "<group>";
		};
		B0A6BE602B05D115007779CF /* Helper */ = {
			isa = PBXGroup;
			children = (
				B0A6BE662B05D483007779CF /* Constants.swift */,
				B0A6BE642B05D247007779CF /* MyColor.swift */,
				B0A6BE612B05D144007779CF /* UIColor+Extension.swift */,
				B0A7B1132AEB53D300D33599 /* Memo.swift */,
			);
			path = Helper;
			sourceTree = "<group>";
		};
/* End PBXGroup section */

/* Begin PBXNativeTarget section */
		B037F7382AE3B58500C72F63 /* MukApp */ = {
			isa = PBXNativeTarget;
			buildConfigurationList = B037F7502AE3B58600C72F63 /* Build configuration list for PBXNativeTarget "MukApp" */;
			buildPhases = (
				D504FCF6B305B05518F31EFF /* [CP] Check Pods Manifest.lock */,
				B037F7352AE3B58500C72F63 /* Sources */,
				B037F7362AE3B58500C72F63 /* Frameworks */,
				B037F7372AE3B58500C72F63 /* Resources */,
				161E99238C853E91EE3A972C /* [CP] Embed Pods Frameworks */,
			);
			buildRules = (
			);
			dependencies = (
			);
			name = MukApp;
			productName = MukApp;
			productReference = B037F7392AE3B58500C72F63 /* MukApp.app */;
			productType = "com.apple.product-type.application";
		};
/* End PBXNativeTarget section */

/* Begin PBXProject section */
		B037F7312AE3B58500C72F63 /* Project object */ = {
			isa = PBXProject;
			attributes = {
				BuildIndependentTargetsInParallel = 1;
				LastSwiftUpdateCheck = 1500;
				LastUpgradeCheck = 1500;
				TargetAttributes = {
					B037F7382AE3B58500C72F63 = {
						CreatedOnToolsVersion = 15.0.1;
					};
				};
			};
			buildConfigurationList = B037F7342AE3B58500C72F63 /* Build configuration list for PBXProject "MukApp" */;
			compatibilityVersion = "Xcode 14.0";
			developmentRegion = en;
			hasScannedForEncodings = 0;
			knownRegions = (
				en,
				Base,
			);
			mainGroup = B037F7302AE3B58500C72F63;
			productRefGroup = B037F73A2AE3B58500C72F63 /* Products */;
			projectDirPath = "";
			projectRoot = "";
			targets = (
				B037F7382AE3B58500C72F63 /* MukApp */,
			);
		};
/* End PBXProject section */

/* Begin PBXResourcesBuildPhase section */
		B037F7372AE3B58500C72F63 /* Resources */ = {
			isa = PBXResourcesBuildPhase;
			buildActionMask = 2147483647;
			files = (
				B037F74C2AE3B58600C72F63 /* LaunchScreen.storyboard in Resources */,
				B037F7492AE3B58600C72F63 /* Assets.xcassets in Resources */,
			);
			runOnlyForDeploymentPostprocessing = 0;
		};
/* End PBXResourcesBuildPhase section */

/* Begin PBXShellScriptBuildPhase section */
		161E99238C853E91EE3A972C /* [CP] Embed Pods Frameworks */ = {
			isa = PBXShellScriptBuildPhase;
			buildActionMask = 2147483647;
			files = (
			);
			inputFileListPaths = (
				"${PODS_ROOT}/Target Support Files/Pods-MukApp/Pods-MukApp-frameworks-${CONFIGURATION}-input-files.xcfilelist",
			);
			name = "[CP] Embed Pods Frameworks";
			outputFileListPaths = (
				"${PODS_ROOT}/Target Support Files/Pods-MukApp/Pods-MukApp-frameworks-${CONFIGURATION}-output-files.xcfilelist",
			);
			runOnlyForDeploymentPostprocessing = 0;
			shellPath = /bin/sh;
			shellScript = "\"${PODS_ROOT}/Target Support Files/Pods-MukApp/Pods-MukApp-frameworks.sh\"\n";
			showEnvVarsInLog = 0;
		};
		D504FCF6B305B05518F31EFF /* [CP] Check Pods Manifest.lock */ = {
			isa = PBXShellScriptBuildPhase;
			buildActionMask = 2147483647;
			files = (
			);
			inputFileListPaths = (
			);
			inputPaths = (
				"${PODS_PODFILE_DIR_PATH}/Podfile.lock",
				"${PODS_ROOT}/Manifest.lock",
			);
			name = "[CP] Check Pods Manifest.lock";
			outputFileListPaths = (
			);
			outputPaths = (
				"$(DERIVED_FILE_DIR)/Pods-MukApp-checkManifestLockResult.txt",
			);
			runOnlyForDeploymentPostprocessing = 0;
			shellPath = /bin/sh;
			shellScript = "diff \"${PODS_PODFILE_DIR_PATH}/Podfile.lock\" \"${PODS_ROOT}/Manifest.lock\" > /dev/null\nif [ $? != 0 ] ; then\n    # print error to STDERR\n    echo \"error: The sandbox is not in sync with the Podfile.lock. Run 'pod install' or update your CocoaPods installation.\" >&2\n    exit 1\nfi\n# This output is used by Xcode 'outputs' to avoid re-running this script phase.\necho \"SUCCESS\" > \"${SCRIPT_OUTPUT_FILE_0}\"\n";
			showEnvVarsInLog = 0;
		};
/* End PBXShellScriptBuildPhase section */

/* Begin PBXSourcesBuildPhase section */
		B037F7352AE3B58500C72F63 /* Sources */ = {
			isa = PBXSourcesBuildPhase;
			buildActionMask = 2147483647;
			files = (
				B03AA67F2B01F6040048E47C /* RestaurantData+CoreDataProperties.swift in Sources */,
				B037F7412AE3B58500C72F63 /* SearchViewController.swift in Sources */,
				B037F75A2AE3B8EA00C72F63 /* ResViewController.swift in Sources */,
				B0A7B1142AEB53D300D33599 /* Memo.swift in Sources */,
				B03AA67D2B01F6040048E47C /* CategoryData+CoreDataProperties.swift in Sources */,
				B0A6BE672B05D483007779CF /* Constants.swift in Sources */,
				B00080682AED22A7003C55EE /* ResCollectionViewCell.swift in Sources */,
				B0D871062AFA846E00758187 /* CategorySetViewController.swift in Sources */,
				B074977F2AF6112D00D66CB1 /* MainViewModel.swift in Sources */,
				B03AA67E2B01F6040048E47C /* RestaurantData+CoreDataClass.swift in Sources */,
				B037F7472AE3B58500C72F63 /* MukApp.xcdatamodeld in Sources */,
				B037F73D2AE3B58500C72F63 /* AppDelegate.swift in Sources */,
				B0A320842AF78D2300E74138 /* AddResTableViewCell.swift in Sources */,
				B037F7642AE43C0300C72F63 /* CoreDataManager.swift in Sources */,
				B09E9D0E2B03964700896622 /* EditResViewController.swift in Sources */,
				B04EB0E62B00756E006AD277 /* CategoryModel.swift in Sources */,
				B064C3402AFBDCCB00B33189 /* CategorySetCollectionViewCell.swift in Sources */,
				B037F7582AE3B87100C72F63 /* MainViewController.swift in Sources */,
				B0A6BE622B05D144007779CF /* UIColor+Extension.swift in Sources */,
				B0D5FE262AF4966300D4B751 /* SearchTableViewCell.swift in Sources */,
				B03AA67C2B01F6040048E47C /* CategoryData+CoreDataClass.swift in Sources */,
				B037F7782AE55E6500C72F63 /* AddResViewController.swift in Sources */,
				B0A6BE652B05D247007779CF /* MyColor.swift in Sources */,
				B037F73F2AE3B58500C72F63 /* SceneDelegate.swift in Sources */,
				B09E9D102B0396AE00896622 /* EditResTableViewCell.swift in Sources */,
				B0ED529E2B049DAF00F74816 /* RouletteViewController.swift in Sources */,
				B06E01672AEC259A0065E7FF /* APIService.swift in Sources */,
				B06E01652AEC04AA0065E7FF /* MainViewControllerTableViewCell.swift in Sources */,
				B0D5FE242AEFA6A300D4B751 /* ResultViewController.swift in Sources */,
			);
			runOnlyForDeploymentPostprocessing = 0;
		};
/* End PBXSourcesBuildPhase section */

/* Begin PBXVariantGroup section */
		B037F74A2AE3B58600C72F63 /* LaunchScreen.storyboard */ = {
			isa = PBXVariantGroup;
			children = (
				B037F74B2AE3B58600C72F63 /* Base */,
			);
			name = LaunchScreen.storyboard;
			sourceTree = "<group>";
		};
/* End PBXVariantGroup section */

/* Begin XCBuildConfiguration section */
		B037F74E2AE3B58600C72F63 /* Debug */ = {
			isa = XCBuildConfiguration;
			buildSettings = {
				ALWAYS_SEARCH_USER_PATHS = NO;
				ASSETCATALOG_COMPILER_GENERATE_SWIFT_ASSET_SYMBOL_EXTENSIONS = YES;
				CLANG_ANALYZER_NONNULL = YES;
				CLANG_ANALYZER_NUMBER_OBJECT_CONVERSION = YES_AGGRESSIVE;
				CLANG_CXX_LANGUAGE_STANDARD = "gnu++20";
				CLANG_ENABLE_MODULES = YES;
				CLANG_ENABLE_OBJC_ARC = YES;
				CLANG_ENABLE_OBJC_WEAK = YES;
				CLANG_WARN_BLOCK_CAPTURE_AUTORELEASING = YES;
				CLANG_WARN_BOOL_CONVERSION = YES;
				CLANG_WARN_COMMA = YES;
				CLANG_WARN_CONSTANT_CONVERSION = YES;
				CLANG_WARN_DEPRECATED_OBJC_IMPLEMENTATIONS = YES;
				CLANG_WARN_DIRECT_OBJC_ISA_USAGE = YES_ERROR;
				CLANG_WARN_DOCUMENTATION_COMMENTS = YES;
				CLANG_WARN_EMPTY_BODY = YES;
				CLANG_WARN_ENUM_CONVERSION = YES;
				CLANG_WARN_INFINITE_RECURSION = YES;
				CLANG_WARN_INT_CONVERSION = YES;
				CLANG_WARN_NON_LITERAL_NULL_CONVERSION = YES;
				CLANG_WARN_OBJC_IMPLICIT_RETAIN_SELF = YES;
				CLANG_WARN_OBJC_LITERAL_CONVERSION = YES;
				CLANG_WARN_OBJC_ROOT_CLASS = YES_ERROR;
				CLANG_WARN_QUOTED_INCLUDE_IN_FRAMEWORK_HEADER = YES;
				CLANG_WARN_RANGE_LOOP_ANALYSIS = YES;
				CLANG_WARN_STRICT_PROTOTYPES = YES;
				CLANG_WARN_SUSPICIOUS_MOVE = YES;
				CLANG_WARN_UNGUARDED_AVAILABILITY = YES_AGGRESSIVE;
				CLANG_WARN_UNREACHABLE_CODE = YES;
				CLANG_WARN__DUPLICATE_METHOD_MATCH = YES;
				COPY_PHASE_STRIP = NO;
				DEBUG_INFORMATION_FORMAT = dwarf;
				ENABLE_STRICT_OBJC_MSGSEND = YES;
				ENABLE_TESTABILITY = YES;
				ENABLE_USER_SCRIPT_SANDBOXING = NO;
				GCC_C_LANGUAGE_STANDARD = gnu17;
				GCC_DYNAMIC_NO_PIC = NO;
				GCC_NO_COMMON_BLOCKS = YES;
				GCC_OPTIMIZATION_LEVEL = 0;
				GCC_PREPROCESSOR_DEFINITIONS = (
					"DEBUG=1",
					"$(inherited)",
				);
				GCC_WARN_64_TO_32_BIT_CONVERSION = YES;
				GCC_WARN_ABOUT_RETURN_TYPE = YES_ERROR;
				GCC_WARN_UNDECLARED_SELECTOR = YES;
				GCC_WARN_UNINITIALIZED_AUTOS = YES_AGGRESSIVE;
				GCC_WARN_UNUSED_FUNCTION = YES;
				GCC_WARN_UNUSED_VARIABLE = YES;
				IPHONEOS_DEPLOYMENT_TARGET = 17.0;
				LOCALIZATION_PREFERS_STRING_CATALOGS = YES;
				MTL_ENABLE_DEBUG_INFO = INCLUDE_SOURCE;
				MTL_FAST_MATH = YES;
				ONLY_ACTIVE_ARCH = YES;
				SDKROOT = iphoneos;
				SWIFT_ACTIVE_COMPILATION_CONDITIONS = "DEBUG $(inherited)";
				SWIFT_OPTIMIZATION_LEVEL = "-Onone";
			};
			name = Debug;
		};
		B037F74F2AE3B58600C72F63 /* Release */ = {
			isa = XCBuildConfiguration;
			buildSettings = {
				ALWAYS_SEARCH_USER_PATHS = NO;
				ASSETCATALOG_COMPILER_GENERATE_SWIFT_ASSET_SYMBOL_EXTENSIONS = YES;
				CLANG_ANALYZER_NONNULL = YES;
				CLANG_ANALYZER_NUMBER_OBJECT_CONVERSION = YES_AGGRESSIVE;
				CLANG_CXX_LANGUAGE_STANDARD = "gnu++20";
				CLANG_ENABLE_MODULES = YES;
				CLANG_ENABLE_OBJC_ARC = YES;
				CLANG_ENABLE_OBJC_WEAK = YES;
				CLANG_WARN_BLOCK_CAPTURE_AUTORELEASING = YES;
				CLANG_WARN_BOOL_CONVERSION = YES;
				CLANG_WARN_COMMA = YES;
				CLANG_WARN_CONSTANT_CONVERSION = YES;
				CLANG_WARN_DEPRECATED_OBJC_IMPLEMENTATIONS = YES;
				CLANG_WARN_DIRECT_OBJC_ISA_USAGE = YES_ERROR;
				CLANG_WARN_DOCUMENTATION_COMMENTS = YES;
				CLANG_WARN_EMPTY_BODY = YES;
				CLANG_WARN_ENUM_CONVERSION = YES;
				CLANG_WARN_INFINITE_RECURSION = YES;
				CLANG_WARN_INT_CONVERSION = YES;
				CLANG_WARN_NON_LITERAL_NULL_CONVERSION = YES;
				CLANG_WARN_OBJC_IMPLICIT_RETAIN_SELF = YES;
				CLANG_WARN_OBJC_LITERAL_CONVERSION = YES;
				CLANG_WARN_OBJC_ROOT_CLASS = YES_ERROR;
				CLANG_WARN_QUOTED_INCLUDE_IN_FRAMEWORK_HEADER = YES;
				CLANG_WARN_RANGE_LOOP_ANALYSIS = YES;
				CLANG_WARN_STRICT_PROTOTYPES = YES;
				CLANG_WARN_SUSPICIOUS_MOVE = YES;
				CLANG_WARN_UNGUARDED_AVAILABILITY = YES_AGGRESSIVE;
				CLANG_WARN_UNREACHABLE_CODE = YES;
				CLANG_WARN__DUPLICATE_METHOD_MATCH = YES;
				COPY_PHASE_STRIP = NO;
				DEBUG_INFORMATION_FORMAT = "dwarf-with-dsym";
				ENABLE_NS_ASSERTIONS = NO;
				ENABLE_STRICT_OBJC_MSGSEND = YES;
				ENABLE_USER_SCRIPT_SANDBOXING = NO;
				GCC_C_LANGUAGE_STANDARD = gnu17;
				GCC_NO_COMMON_BLOCKS = YES;
				GCC_WARN_64_TO_32_BIT_CONVERSION = YES;
				GCC_WARN_ABOUT_RETURN_TYPE = YES_ERROR;
				GCC_WARN_UNDECLARED_SELECTOR = YES;
				GCC_WARN_UNINITIALIZED_AUTOS = YES_AGGRESSIVE;
				GCC_WARN_UNUSED_FUNCTION = YES;
				GCC_WARN_UNUSED_VARIABLE = YES;
				IPHONEOS_DEPLOYMENT_TARGET = 17.0;
				LOCALIZATION_PREFERS_STRING_CATALOGS = YES;
				MTL_ENABLE_DEBUG_INFO = NO;
				MTL_FAST_MATH = YES;
				SDKROOT = iphoneos;
				SWIFT_COMPILATION_MODE = wholemodule;
				VALIDATE_PRODUCT = YES;
			};
			name = Release;
		};
		B037F7512AE3B58600C72F63 /* Debug */ = {
			isa = XCBuildConfiguration;
			baseConfigurationReference = F8943A63B7E8CA3C6CB82F9D /* Pods-MukApp.debug.xcconfig */;
			buildSettings = {
				ASSETCATALOG_COMPILER_APPICON_NAME = AppIcon;
				ASSETCATALOG_COMPILER_GLOBAL_ACCENT_COLOR_NAME = AccentColor;
				CODE_SIGN_STYLE = Automatic;
				CURRENT_PROJECT_VERSION = 1;
				DEVELOPMENT_TEAM = XUZ4CWYRGJ;
				GENERATE_INFOPLIST_FILE = YES;
				INFOPLIST_FILE = MukApp/Info.plist;
				INFOPLIST_KEY_UIApplicationSupportsIndirectInputEvents = YES;
				INFOPLIST_KEY_UILaunchStoryboardName = LaunchScreen;
				INFOPLIST_KEY_UISupportedInterfaceOrientations = UIInterfaceOrientationPortrait;
				INFOPLIST_KEY_UISupportedInterfaceOrientations_iPad = "UIInterfaceOrientationLandscapeLeft UIInterfaceOrientationLandscapeRight UIInterfaceOrientationPortrait";
				IPHONEOS_DEPLOYMENT_TARGET = 15.0;
				LD_RUNPATH_SEARCH_PATHS = (
					"$(inherited)",
					"@executable_path/Frameworks",
				);
				MARKETING_VERSION = 1.0;
				PRODUCT_BUNDLE_IDENTIFIER = com.HoduCode.MukApp;
				PRODUCT_NAME = "$(TARGET_NAME)";
				SUPPORTED_PLATFORMS = "iphoneos iphonesimulator";
				SUPPORTS_MACCATALYST = NO;
				SUPPORTS_MAC_DESIGNED_FOR_IPHONE_IPAD = NO;
				SWIFT_EMIT_LOC_STRINGS = YES;
				SWIFT_VERSION = 5.0;
				TARGETED_DEVICE_FAMILY = 1;
			};
			name = Debug;
		};
		B037F7522AE3B58600C72F63 /* Release */ = {
			isa = XCBuildConfiguration;
			baseConfigurationReference = D917FFD08D77FF828C384EE0 /* Pods-MukApp.release.xcconfig */;
			buildSettings = {
				ASSETCATALOG_COMPILER_APPICON_NAME = AppIcon;
				ASSETCATALOG_COMPILER_GLOBAL_ACCENT_COLOR_NAME = AccentColor;
				CODE_SIGN_STYLE = Automatic;
				CURRENT_PROJECT_VERSION = 1;
				DEVELOPMENT_TEAM = XUZ4CWYRGJ;
				GENERATE_INFOPLIST_FILE = YES;
				INFOPLIST_FILE = MukApp/Info.plist;
				INFOPLIST_KEY_UIApplicationSupportsIndirectInputEvents = YES;
				INFOPLIST_KEY_UILaunchStoryboardName = LaunchScreen;
				INFOPLIST_KEY_UISupportedInterfaceOrientations = UIInterfaceOrientationPortrait;
				INFOPLIST_KEY_UISupportedInterfaceOrientations_iPad = "UIInterfaceOrientationLandscapeLeft UIInterfaceOrientationLandscapeRight UIInterfaceOrientationPortrait";
				IPHONEOS_DEPLOYMENT_TARGET = 15.0;
				LD_RUNPATH_SEARCH_PATHS = (
					"$(inherited)",
					"@executable_path/Frameworks",
				);
				MARKETING_VERSION = 1.0;
				PRODUCT_BUNDLE_IDENTIFIER = com.HoduCode.MukApp;
				PRODUCT_NAME = "$(TARGET_NAME)";
				SUPPORTED_PLATFORMS = "iphoneos iphonesimulator";
				SUPPORTS_MACCATALYST = NO;
				SUPPORTS_MAC_DESIGNED_FOR_IPHONE_IPAD = NO;
				SWIFT_EMIT_LOC_STRINGS = YES;
				SWIFT_VERSION = 5.0;
				TARGETED_DEVICE_FAMILY = 1;
			};
			name = Release;
		};
/* End XCBuildConfiguration section */

/* Begin XCConfigurationList section */
		B037F7342AE3B58500C72F63 /* Build configuration list for PBXProject "MukApp" */ = {
			isa = XCConfigurationList;
			buildConfigurations = (
				B037F74E2AE3B58600C72F63 /* Debug */,
				B037F74F2AE3B58600C72F63 /* Release */,
			);
			defaultConfigurationIsVisible = 0;
			defaultConfigurationName = Release;
		};
		B037F7502AE3B58600C72F63 /* Build configuration list for PBXNativeTarget "MukApp" */ = {
			isa = XCConfigurationList;
			buildConfigurations = (
				B037F7512AE3B58600C72F63 /* Debug */,
				B037F7522AE3B58600C72F63 /* Release */,
			);
			defaultConfigurationIsVisible = 0;
			defaultConfigurationName = Release;
		};
/* End XCConfigurationList section */

/* Begin XCVersionGroup section */
		B037F7452AE3B58500C72F63 /* MukApp.xcdatamodeld */ = {
			isa = XCVersionGroup;
			children = (
				B037F7462AE3B58500C72F63 /* MukApp.xcdatamodel */,
			);
			currentVersion = B037F7462AE3B58500C72F63 /* MukApp.xcdatamodel */;
			path = MukApp.xcdatamodeld;
			sourceTree = "<group>";
			versionGroupType = wrapper.xcdatamodel;
		};
/* End XCVersionGroup section */
	};
	rootObject = B037F7312AE3B58500C72F63 /* Project object */;
}
